
Microsoft Visual Studio Solution File, Format Version 12.00
# Visual Studio Version 17
VisualStudioVersion = 17.4.33122.133
MinimumVisualStudioVersion = 10.0.40219.1
Project("{9A19103F-16F7-4668-BE54-9A1E7A4F7556}") = "AreaCalculation", "AreaCalculation\AreaCalculation.csproj", "{40837A2D-CCFE-4696-95C0-F805DBBF35D2}"
EndProject
Project("{2150E333-8FDC-42A3-9474-1A3956D46DE8}") = "Solution Items", "Solution Items", "{FD929D8F-5C38-4237-9DE3-766EE54C6B4B}"
EndProject
Project("{9A19103F-16F7-4668-BE54-9A1E7A4F7556}") = "AreaCalculation.Tests", "AreaCalculation.Tests\AreaCalculation.Tests.csproj", "{AD83E44F-E3EC-44B3-973A-842FB6354717}"
EndProject
Project("{FAE04EC0-301F-11D3-BF4B-00C04F79EFBC}") = "AreaCalculator.Interfaces", "AreaCalculator.Interfaces\AreaCalculator.Interfaces.csproj", "{21AFA2CA-FDCE-45A6-B092-EB6436DB27B5}"
EndProject
Global
	GlobalSection(SolutionConfigurationPlatforms) = preSolution
		Debug|Any CPU = Debug|Any CPU
		Release|Any CPU = Release|Any CPU
	EndGlobalSection
	GlobalSection(ProjectConfigurationPlatforms) = postSolution
		{40837A2D-CCFE-4696-95C0-F805DBBF35D2}.Debug|Any CPU.ActiveCfg = Debug|Any CPU
		{40837A2D-CCFE-4696-95C0-F805DBBF35D2}.Debug|Any CPU.Build.0 = Debug|Any CPU
		{40837A2D-CCFE-4696-95C0-F805DBBF35D2}.Release|Any CPU.ActiveCfg = Release|Any CPU
		{40837A2D-CCFE-4696-95C0-F805DBBF35D2}.Release|Any CPU.Build.0 = Release|Any CPU
		{AD83E44F-E3EC-44B3-973A-842FB6354717}.Debug|Any CPU.ActiveCfg = Debug|Any CPU
		{AD83E44F-E3EC-44B3-973A-842FB6354717}.Debug|Any CPU.Build.0 = Debug|Any CPU
		{AD83E44F-E3EC-44B3-973A-842FB6354717}.Release|Any CPU.ActiveCfg = Release|Any CPU
		{AD83E44F-E3EC-44B3-973A-842FB6354717}.Release|Any CPU.Build.0 = Release|Any CPU
		{21AFA2CA-FDCE-45A6-B092-EB6436DB27B5}.Debug|Any CPU.ActiveCfg = Debug|Any CPU
		{21AFA2CA-FDCE-45A6-B092-EB6436DB27B5}.Debug|Any CPU.Build.0 = Debug|Any CPU
		{21AFA2CA-FDCE-45A6-B092-EB6436DB27B5}.Release|Any CPU.ActiveCfg = Release|Any CPU
		{21AFA2CA-FDCE-45A6-B092-EB6436DB27B5}.Release|Any CPU.Build.0 = Release|Any CPU
	EndGlobalSection
	GlobalSection(SolutionProperties) = preSolution
		HideSolutionNode = FALSE
	EndGlobalSection
	GlobalSection(ExtensibilityGlobals) = postSolution
		SolutionGuid = {9688087B-98DF-4798-B3D4-9A7B5133E6CD}
	EndGlobalSection
EndGlobal
